
Microsoft Visual Studio Solution File, Format Version 12.00
# Visual Studio Version 17
VisualStudioVersion = 17.1.32228.430
MinimumVisualStudioVersion = 10.0.40219.1
Project("{FAE04EC0-301F-11D3-BF4B-00C04F79EFBC}") = "ARSM - Avtobusi R.S.Makedonija", "ARSM - Avtobusi R.S.Makedonija\ARSM - Avtobusi R.S.Makedonija.csproj", "{CA668785-3638-4A1F-A1BE-A73BDF4705BD}"
EndProject
Global
	GlobalSection(SolutionConfigurationPlatforms) = preSolution
		Debug|Any CPU = Debug|Any CPU
		Release|Any CPU = Release|Any CPU
	EndGlobalSection
	GlobalSection(ProjectConfigurationPlatforms) = postSolution
		{CA668785-3638-4A1F-A1BE-A73BDF4705BD}.Debug|Any CPU.ActiveCfg = Debug|Any CPU
		{CA668785-3638-4A1F-A1BE-A73BDF4705BD}.Debug|Any CPU.Build.0 = Debug|Any CPU
		{CA668785-3638-4A1F-A1BE-A73BDF4705BD}.Release|Any CPU.ActiveCfg = Release|Any CPU
		{CA668785-3638-4A1F-A1BE-A73BDF4705BD}.Release|Any CPU.Build.0 = Release|Any CPU
	EndGlobalSection
	GlobalSection(SolutionProperties) = preSolution
		HideSolutionNode = FALSE
	EndGlobalSection
	GlobalSection(ExtensibilityGlobals) = postSolution
		SolutionGuid = {AC665459-4957-4FAE-9647-0E2165296A64}
	EndGlobalSection
EndGlobal
